
Microsoft Visual Studio Solution File, Format Version 12.00
# Visual Studio Version 16
VisualStudioVersion = 16.0.30114.105
MinimumVisualStudioVersion = 10.0.40219.1
Project("{FAE04EC0-301F-11D3-BF4B-00C04F79EFBC}") = "RomanNumerals", "RomanNumerals\RomanNumerals.csproj", "{9522FACE-1337-40D4-B5A0-18A2BCA4AA1B}"
EndProject
Project("{FAE04EC0-301F-11D3-BF4B-00C04F79EFBC}") = "Tests", "Tests\Tests.csproj", "{91FF3E50-3F79-4447-BF16-3E22215A7B3C}"
EndProject
Global
	GlobalSection(SolutionConfigurationPlatforms) = preSolution
		Debug|Any CPU = Debug|Any CPU
		Release|Any CPU = Release|Any CPU
	EndGlobalSection
	GlobalSection(SolutionProperties) = preSolution
		HideSolutionNode = FALSE
	EndGlobalSection
	GlobalSection(ProjectConfigurationPlatforms) = postSolution
		{9522FACE-1337-40D4-B5A0-18A2BCA4AA1B}.Debug|Any CPU.ActiveCfg = Debug|Any CPU
		{9522FACE-1337-40D4-B5A0-18A2BCA4AA1B}.Debug|Any CPU.Build.0 = Debug|Any CPU
		{9522FACE-1337-40D4-B5A0-18A2BCA4AA1B}.Release|Any CPU.ActiveCfg = Release|Any CPU
		{9522FACE-1337-40D4-B5A0-18A2BCA4AA1B}.Release|Any CPU.Build.0 = Release|Any CPU
		{91FF3E50-3F79-4447-BF16-3E22215A7B3C}.Debug|Any CPU.ActiveCfg = Debug|Any CPU
		{91FF3E50-3F79-4447-BF16-3E22215A7B3C}.Debug|Any CPU.Build.0 = Debug|Any CPU
		{91FF3E50-3F79-4447-BF16-3E22215A7B3C}.Release|Any CPU.ActiveCfg = Release|Any CPU
		{91FF3E50-3F79-4447-BF16-3E22215A7B3C}.Release|Any CPU.Build.0 = Release|Any CPU
	EndGlobalSection
EndGlobal
